
Microsoft Visual Studio Solution File, Format Version 12.00
# Visual Studio Version 16
VisualStudioVersion = 16.0.30011.22
MinimumVisualStudioVersion = 10.0.40219.1
Project("{FAE04EC0-301F-11D3-BF4B-00C04F79EFBC}") = "Ecommerce", "Ecommerce.csproj", "{3D3063DF-B0C7-48C2-80C4-D39713834418}"
EndProject
Global
	GlobalSection(SolutionConfigurationPlatforms) = preSolution
		Debug|Any CPU = Debug|Any CPU
		Release|Any CPU = Release|Any CPU
	EndGlobalSection
	GlobalSection(ProjectConfigurationPlatforms) = postSolution
		{3D3063DF-B0C7-48C2-80C4-D39713834418}.Debug|Any CPU.ActiveCfg = Debug|Any CPU
		{3D3063DF-B0C7-48C2-80C4-D39713834418}.Debug|Any CPU.Build.0 = Debug|Any CPU
		{3D3063DF-B0C7-48C2-80C4-D39713834418}.Release|Any CPU.ActiveCfg = Release|Any CPU
		{3D3063DF-B0C7-48C2-80C4-D39713834418}.Release|Any CPU.Build.0 = Release|Any CPU
	EndGlobalSection
	GlobalSection(SolutionProperties) = preSolution
		HideSolutionNode = FALSE
	EndGlobalSection
	GlobalSection(ExtensibilityGlobals) = postSolution
		SolutionGuid = {BC5D39AB-7B09-4101-8864-3BAA1542DC0B}
	EndGlobalSection
EndGlobal
